
Microsoft Visual Studio Solution File, Format Version 12.00
# Visual Studio Version 16
VisualStudioVersion = 16.0.30717.126
MinimumVisualStudioVersion = 10.0.40219.1
Project("{FAE04EC0-301F-11D3-BF4B-00C04F79EFBC}") = "Condolencia", "Condolencia\Condolencia.csproj", "{707C5093-609B-4699-9FE1-C30BE5C1CEC5}"
EndProject
Global
	GlobalSection(SolutionConfigurationPlatforms) = preSolution
		Debug|Any CPU = Debug|Any CPU
		Release|Any CPU = Release|Any CPU
	EndGlobalSection
	GlobalSection(ProjectConfigurationPlatforms) = postSolution
		{707C5093-609B-4699-9FE1-C30BE5C1CEC5}.Debug|Any CPU.ActiveCfg = Debug|Any CPU
		{707C5093-609B-4699-9FE1-C30BE5C1CEC5}.Debug|Any CPU.Build.0 = Debug|Any CPU
		{707C5093-609B-4699-9FE1-C30BE5C1CEC5}.Release|Any CPU.ActiveCfg = Release|Any CPU
		{707C5093-609B-4699-9FE1-C30BE5C1CEC5}.Release|Any CPU.Build.0 = Release|Any CPU
	EndGlobalSection
	GlobalSection(SolutionProperties) = preSolution
		HideSolutionNode = FALSE
	EndGlobalSection
	GlobalSection(ExtensibilityGlobals) = postSolution
		SolutionGuid = {25383D14-928E-45DB-85C4-4E4198686358}
	EndGlobalSection
EndGlobal
